<?xml version="1.0" encoding="UTF-8"?>
<Scheme
   version = "1.3">
   <BuildAction>
      <BuildActionEntries>
         <BuildActionEntry
            buildForRunning = "YES">
            <BuildableReference
               BuildableIdentifier = "primary"
               BlueprintIdentifier = "E8F8377B21D7998E00EB5CDD"
               BuildableName = "TableViewPagination.app"
               BlueprintName = "TableViewPagination"
               ReferencedContainer = "container:TableViewPagination.xcodeproj">
            </BuildableReference>
         </BuildActionEntry>
      </BuildActionEntries>
   </BuildAction>
   <LaunchAction
      useCustomWorkingDirectory = "NO"
      buildConfiguration = "Debug"
      allowLocationSimulation = "YES">
      <BuildableProductRunnable>
         <BuildableReference
            BuildableIdentifier = "primary"
            BlueprintIdentifier = "E8F8377B21D7998E00EB5CDD"
            BuildableName = "TableViewPagination.app"
            BlueprintName = "TableViewPagination"
            ReferencedContainer = "container:TableViewPagination.xcodeproj">
         </BuildableReference>
      </BuildableProductRunnable>
   </LaunchAction>
</Scheme>
